// !$*UTF8*$!
{
	archiveVersion = 1;
	classes = {
	};
	objectVersion = 50;
	objects = {

/* Begin PBXBuildFile section */
		994D329E26667DAE00484399 /* Jokes_in_SwiftUIApp.swift in Sources */ = {isa = PBXBuildFile; fileRef = 994D329D26667DAE00484399 /* Jokes_in_SwiftUIApp.swift */; };
		994D32A026667DAE00484399 /* ContentView.swift in Sources */ = {isa = PBXBuildFile; fileRef = 994D329F26667DAE00484399 /* ContentView.swift */; };
		994D32A226667DB000484399 /* Assets.xcassets in Resources */ = {isa = PBXBuildFile; fileRef = 994D32A126667DB000484399 /* Assets.xcassets */; };
		994D32A526667DB000484399 /* Preview Assets.xcassets in Resources */ = {isa = PBXBuildFile; fileRef = 994D32A426667DB000484399 /* Preview Assets.xcassets */; };
		994D32B026667DB000484399 /* Jokes_in_SwiftUITests.swift in Sources */ = {isa = PBXBuildFile; fileRef = 994D32AF26667DB000484399 /* Jokes_in_SwiftUITests.swift */; };
		994D32BB26667DB000484399 /* Jokes_in_SwiftUIUITests.swift in Sources */ = {isa = PBXBuildFile; fileRef = 994D32BA26667DB000484399 /* Jokes_in_SwiftUIUITests.swift */; };
/* End PBXBuildFile section */

/* Begin PBXContainerItemProxy section */
		994D32AC26667DB000484399 /* PBXContainerItemProxy */ = {
			isa = PBXContainerItemProxy;
			containerPortal = 994D329226667DAE00484399 /* Project object */;
			proxyType = 1;
			remoteGlobalIDString = 994D329926667DAE00484399;
			remoteInfo = "Jokes in SwiftUI";
		};
		994D32B726667DB000484399 /* PBXContainerItemProxy */ = {
			isa = PBXContainerItemProxy;
			containerPortal = 994D329226667DAE00484399 /* Project object */;
			proxyType = 1;
			remoteGlobalIDString = 994D329926667DAE00484399;
			remoteInfo = "Jokes in SwiftUI";
		};
/* End PBXContainerItemProxy section */

/* Begin PBXFileReference section */
		994D329A26667DAE00484399 /* Jokes in SwiftUI.app */ = {isa = PBXFileReference; explicitFileType = wrapper.application; includeInIndex = 0; path = "Jokes in SwiftUI.app"; sourceTree = BUILT_PRODUCTS_DIR; };
		994D329D26667DAE00484399 /* Jokes_in_SwiftUIApp.swift */ = {isa = PBXFileReference; lastKnownFileType = sourcecode.swift; path = Jokes_in_SwiftUIApp.swift; sourceTree = "<group>"; };
		994D329F26667DAE00484399 /* ContentView.swift */ = {isa = PBXFileReference; lastKnownFileType = sourcecode.swift; path = ContentView.swift; sourceTree = "<group>"; };
		994D32A126667DB000484399 /* Assets.xcassets */ = {isa = PBXFileReference; lastKnownFileType = folder.assetcatalog; path = Assets.xcassets; sourceTree = "<group>"; };
		994D32A426667DB000484399 /* Preview Assets.xcassets */ = {isa = PBXFileReference; lastKnownFileType = folder.assetcatalog; path = "Preview Assets.xcassets"; sourceTree = "<group>"; };
		994D32A626667DB000484399 /* Info.plist */ = {isa = PBXFileReference; lastKnownFileType = text.plist.xml; path = Info.plist; sourceTree = "<group>"; };
		994D32AB26667DB000484399 /* Jokes in SwiftUITests.xctest */ = {isa = PBXFileReference; explicitFileType = wrapper.cfbundle; includeInIndex = 0; path = "Jokes in SwiftUITests.xctest"; sourceTree = BUILT_PRODUCTS_DIR; };
		994D32AF26667DB000484399 /* Jokes_in_SwiftUITests.swift */ = {isa = PBXFileReference; lastKnownFileType = sourcecode.swift; path = Jokes_in_SwiftUITests.swift; sourceTree = "<group>"; };
		994D32B126667DB000484399 /* Info.plist */ = {isa = PBXFileReference; lastKnownFileType = text.plist.xml; path = Info.plist; sourceTree = "<group>"; };
		994D32B626667DB000484399 /* Jokes in SwiftUIUITests.xctest */ = {isa = PBXFileReference; explicitFileType = wrapper.cfbundle; includeInIndex = 0; path = "Jokes in SwiftUIUITests.xctest"; sourceTree = BUILT_PRODUCTS_DIR; };
		994D32BA26667DB000484399 /* Jokes_in_SwiftUIUITests.swift */ = {isa = PBXFileReference; lastKnownFileType = sourcecode.swift; path = Jokes_in_SwiftUIUITests.swift; sourceTree = "<group>"; };
		994D32BC26667DB000484399 /* Info.plist */ = {isa = PBXFileReference; lastKnownFileType = text.plist.xml; path = Info.plist; sourceTree = "<group>"; };
/* End PBXFileReference section */

/* Begin PBXFrameworksBuildPhase section */
		994D329726667DAE00484399 /* Frameworks */ = {
			isa = PBXFrameworksBuildPhase;
			buildActionMask = 2147483647;
			files = (
			);
			runOnlyForDeploymentPostprocessing = 0;
		};
		994D32A826667DB000484399 /* Frameworks */ = {
			isa = PBXFrameworksBuildPhase;
			buildActionMask = 2147483647;
			files = (
			);
			runOnlyForDeploymentPostprocessing = 0;
		};
		994D32B326667DB000484399 /* Frameworks */ = {
			isa = PBXFrameworksBuildPhase;
			buildActionMask = 2147483647;
			files = (
			);
			runOnlyForDeploymentPostprocessing = 0;
		};
/* End PBXFrameworksBuildPhase section */

/* Begin PBXGroup section */
		994D329126667DAE00484399 = {
			isa = PBXGroup;
			children = (
				994D329C26667DAE00484399 /* Jokes in SwiftUI */,
				994D32AE26667DB000484399 /* Jokes in SwiftUITests */,
				994D32B926667DB000484399 /* Jokes in SwiftUIUITests */,
				994D329B26667DAE00484399 /* Products */,
			);
			sourceTree = "<group>";
		};
		994D329B26667DAE00484399 /* Products */ = {
			isa = PBXGroup;
			children = (
				994D329A26667DAE00484399 /* Jokes in SwiftUI.app */,
				994D32AB26667DB000484399 /* Jokes in SwiftUITests.xctest */,
				994D32B626667DB000484399 /* Jokes in SwiftUIUITests.xctest */,
			);
			name = Products;
			sourceTree = "<group>";
		};
		994D329C26667DAE00484399 /* Jokes in SwiftUI */ = {
			isa = PBXGroup;
			children = (
				994D329D26667DAE00484399 /* Jokes_in_SwiftUIApp.swift */,
				994D329F26667DAE00484399 /* ContentView.swift */,
				994D32A126667DB000484399 /* Assets.xcassets */,
				994D32A626667DB000484399 /* Info.plist */,
				994D32A326667DB000484399 /* Preview Content */,
			);
			path = "Jokes in SwiftUI";
			sourceTree = "<group>";
		};
		994D32A326667DB000484399 /* Preview Content */ = {
			isa = PBXGroup;
			children = (
				994D32A426667DB000484399 /* Preview Assets.xcassets */,
			);
			path = "Preview Content";
			sourceTree = "<group>";
		};
		994D32AE26667DB000484399 /* Jokes in SwiftUITests */ = {
			isa = PBXGroup;
			children = (
				994D32AF26667DB000484399 /* Jokes_in_SwiftUITests.swift */,
				994D32B126667DB000484399 /* Info.plist */,
			);
			path = "Jokes in SwiftUITests";
			sourceTree = "<group>";
		};
		994D32B926667DB000484399 /* Jokes in SwiftUIUITests */ = {
			isa = PBXGroup;
			children = (
				994D32BA26667DB000484399 /* Jokes_in_SwiftUIUITests.swift */,
				994D32BC26667DB000484399 /* Info.plist */,
			);
			path = "Jokes in SwiftUIUITests";
			sourceTree = "<group>";
		};
/* End PBXGroup section */

/* Begin PBXNativeTarget section */
		994D329926667DAE00484399 /* Jokes in SwiftUI */ = {
			isa = PBXNativeTarget;
			buildConfigurationList = 994D32BF26667DB000484399 /* Build configuration list for PBXNativeTarget "Jokes in SwiftUI" */;
			buildPhases = (
				994D329626667DAE00484399 /* Sources */,
				994D329726667DAE00484399 /* Frameworks */,
				994D329826667DAE00484399 /* Resources */,
			);
			buildRules = (
			);
			dependencies = (
			);
			name = "Jokes in SwiftUI";
			productName = "Jokes in SwiftUI";
			productReference = 994D329A26667DAE00484399 /* Jokes in SwiftUI.app */;
			productType = "com.apple.product-type.application";
		};
		994D32AA26667DB000484399 /* Jokes in SwiftUITests */ = {
			isa = PBXNativeTarget;
			buildConfigurationList = 994D32C226667DB000484399 /* Build configuration list for PBXNativeTarget "Jokes in SwiftUITests" */;
			buildPhases = (
				994D32A726667DB000484399 /* Sources */,
				994D32A826667DB000484399 /* Frameworks */,
				994D32A926667DB000484399 /* Resources */,
			);
			buildRules = (
			);
			dependencies = (
				994D32AD26667DB000484399 /* PBXTargetDependency */,
			);
			name = "Jokes in SwiftUITests";
			productName = "Jokes in SwiftUITests";
			productReference = 994D32AB26667DB000484399 /* Jokes in SwiftUITests.xctest */;
			productType = "com.apple.product-type.bundle.unit-test";
		};
		994D32B526667DB000484399 /* Jokes in SwiftUIUITests */ = {
			isa = PBXNativeTarget;
			buildConfigurationList = 994D32C526667DB000484399 /* Build configuration list for PBXNativeTarget "Jokes in SwiftUIUITests" */;
			buildPhases = (
				994D32B226667DB000484399 /* Sources */,
				994D32B326667DB000484399 /* Frameworks */,
				994D32B426667DB000484399 /* Resources */,
			);
			buildRules = (
			);
			dependencies = (
				994D32B826667DB000484399 /* PBXTargetDependency */,
			);
			name = "Jokes in SwiftUIUITests";
			productName = "Jokes in SwiftUIUITests";
			productReference = 994D32B626667DB000484399 /* Jokes in SwiftUIUITests.xctest */;
			productType = "com.apple.product-type.bundle.ui-testing";
		};
/* End PBXNativeTarget section */

/* Begin PBXProject section */
		994D329226667DAE00484399 /* Project object */ = {
			isa = PBXProject;
			attributes = {
				LastSwiftUpdateCheck = 1240;
				LastUpgradeCheck = 1240;
				TargetAttributes = {
					994D329926667DAE00484399 = {
						CreatedOnToolsVersion = 12.4;
					};
					994D32AA26667DB000484399 = {
						CreatedOnToolsVersion = 12.4;
						TestTargetID = 994D329926667DAE00484399;
					};
					994D32B526667DB000484399 = {
						CreatedOnToolsVersion = 12.4;
						TestTargetID = 994D329926667DAE00484399;
					};
				};
			};
			buildConfigurationList = 994D329526667DAE00484399 /* Build configuration list for PBXProject "Jokes in SwiftUI" */;
			compatibilityVersion = "Xcode 9.3";
			developmentRegion = en;
			hasScannedForEncodings = 0;
			knownRegions = (
				en,
				Base,
			);
			mainGroup = 994D329126667DAE00484399;
			productRefGroup = 994D329B26667DAE00484399 /* Products */;
			projectDirPath = "";
			projectRoot = "";
			targets = (
				994D329926667DAE00484399 /* Jokes in SwiftUI */,
				994D32AA26667DB000484399 /* Jokes in SwiftUITests */,
				994D32B526667DB000484399 /* Jokes in SwiftUIUITests */,
			);
		};
/* End PBXProject section */

/* Begin PBXResourcesBuildPhase section */
		994D329826667DAE00484399 /* Resources */ = {
			isa = PBXResourcesBuildPhase;
			buildActionMask = 2147483647;
			files = (
				994D32A526667DB000484399 /* Preview Assets.xcassets in Resources */,
				994D32A226667DB000484399 /* Assets.xcassets in Resources */,
			);
			runOnlyForDeploymentPostprocessing = 0;
		};
		994D32A926667DB000484399 /* Resources */ = {
			isa = PBXResourcesBuildPhase;
			buildActionMask = 2147483647;
			files = (
			);
			runOnlyForDeploymentPostprocessing = 0;
		};
		994D32B426667DB000484399 /* Resources */ = {
			isa = PBXResourcesBuildPhase;
			buildActionMask = 2147483647;
			files = (
			);
			runOnlyForDeploymentPostprocessing = 0;
		};
/* End PBXResourcesBuildPhase section */

/* Begin PBXSourcesBuildPhase section */
		994D329626667DAE00484399 /* Sources */ = {
			isa = PBXSourcesBuildPhase;
			buildActionMask = 2147483647;
			files = (
				994D32A026667DAE00484399 /* ContentView.swift in Sources */,
				994D329E26667DAE00484399 /* Jokes_in_SwiftUIApp.swift in Sources */,
			);
			runOnlyForDeploymentPostprocessing = 0;
		};
		994D32A726667DB000484399 /* Sources */ = {
			isa = PBXSourcesBuildPhase;
			buildActionMask = 2147483647;
			files = (
				994D32B026667DB000484399 /* Jokes_in_SwiftUITests.swift in Sources */,
			);
			runOnlyForDeploymentPostprocessing = 0;
		};
		994D32B226667DB000484399 /* Sources */ = {
			isa = PBXSourcesBuildPhase;
			buildActionMask = 2147483647;
			files = (
				994D32BB26667DB000484399 /* Jokes_in_SwiftUIUITests.swift in Sources */,
			);
			runOnlyForDeploymentPostprocessing = 0;
		};
/* End PBXSourcesBuildPhase section */

/* Begin PBXTargetDependency section */
		994D32AD26667DB000484399 /* PBXTargetDependency */ = {
			isa = PBXTargetDependency;
			target = 994D329926667DAE00484399 /* Jokes in SwiftUI */;
			targetProxy = 994D32AC26667DB000484399 /* PBXContainerItemProxy */;
		};
		994D32B826667DB000484399 /* PBXTargetDependency */ = {
			isa = PBXTargetDependency;
			target = 994D329926667DAE00484399 /* Jokes in SwiftUI */;
			targetProxy = 994D32B726667DB000484399 /* PBXContainerItemProxy */;
		};
/* End PBXTargetDependency section */

/* Begin XCBuildConfiguration section */
		994D32BD26667DB000484399 /* Debug */ = {
			isa = XCBuildConfiguration;
			buildSettings = {
				ALWAYS_SEARCH_USER_PATHS = NO;
				CLANG_ANALYZER_NONNULL = YES;
				CLANG_ANALYZER_NUMBER_OBJECT_CONVERSION = YES_AGGRESSIVE;
				CLANG_CXX_LANGUAGE_STANDARD = "gnu++14";
				CLANG_CXX_LIBRARY = "libc++";
				CLANG_ENABLE_MODULES = YES;
				CLANG_ENABLE_OBJC_ARC = YES;
				CLANG_ENABLE_OBJC_WEAK = YES;
				CLANG_WARN_BLOCK_CAPTURE_AUTORELEASING = YES;
				CLANG_WARN_BOOL_CONVERSION = YES;
				CLANG_WARN_COMMA = YES;
				CLANG_WARN_CONSTANT_CONVERSION = YES;
				CLANG_WARN_DEPRECATED_OBJC_IMPLEMENTATIONS = YES;
				CLANG_WARN_DIRECT_OBJC_ISA_USAGE = YES_ERROR;
				CLANG_WARN_DOCUMENTATION_COMMENTS = YES;
				CLANG_WARN_EMPTY_BODY = YES;
				CLANG_WARN_ENUM_CONVERSION = YES;
				CLANG_WARN_INFINITE_RECURSION = YES;
				CLANG_WARN_INT_CONVERSION = YES;
				CLANG_WARN_NON_LITERAL_NULL_CONVERSION = YES;
				CLANG_WARN_OBJC_IMPLICIT_RETAIN_SELF = YES;
				CLANG_WARN_OBJC_LITERAL_CONVERSION = YES;
				CLANG_WARN_OBJC_ROOT_CLASS = YES_ERROR;
				CLANG_WARN_QUOTED_INCLUDE_IN_FRAMEWORK_HEADER = YES;
				CLANG_WARN_RANGE_LOOP_ANALYSIS = YES;
				CLANG_WARN_STRICT_PROTOTYPES = YES;
				CLANG_WARN_SUSPICIOUS_MOVE = YES;
				CLANG_WARN_UNGUARDED_AVAILABILITY = YES_AGGRESSIVE;
				CLANG_WARN_UNREACHABLE_CODE = YES;
				CLANG_WARN__DUPLICATE_METHOD_MATCH = YES;
				COPY_PHASE_STRIP = NO;
				DEBUG_INFORMATION_FORMAT = dwarf;
				ENABLE_STRICT_OBJC_MSGSEND = YES;
				ENABLE_TESTABILITY = YES;
				GCC_C_LANGUAGE_STANDARD = gnu11;
				GCC_DYNAMIC_NO_PIC = NO;
				GCC_NO_COMMON_BLOCKS = YES;
				GCC_OPTIMIZATION_LEVEL = 0;
				GCC_PREPROCESSOR_DEFINITIONS = (
					"DEBUG=1",
					"$(inherited)",
				);
				GCC_WARN_64_TO_32_BIT_CONVERSION = YES;
				GCC_WARN_ABOUT_RETURN_TYPE = YES_ERROR;
				GCC_WARN_UNDECLARED_SELECTOR = YES;
				GCC_WARN_UNINITIALIZED_AUTOS = YES_AGGRESSIVE;
				GCC_WARN_UNUSED_FUNCTION = YES;
				GCC_WARN_UNUSED_VARIABLE = YES;
				IPHONEOS_DEPLOYMENT_TARGET = 14.4;
				MTL_ENABLE_DEBUG_INFO = INCLUDE_SOURCE;
				MTL_FAST_MATH = YES;
				ONLY_ACTIVE_ARCH = YES;
				SDKROOT = iphoneos;
				SWIFT_ACTIVE_COMPILATION_CONDITIONS = DEBUG;
				SWIFT_OPTIMIZATION_LEVEL = "-Onone";
			};
			name = Debug;
		};
		994D32BE26667DB000484399 /* Release */ = {
			isa = XCBuildConfiguration;
			buildSettings = {
				ALWAYS_SEARCH_USER_PATHS = NO;
				CLANG_ANALYZER_NONNULL = YES;
				CLANG_ANALYZER_NUMBER_OBJECT_CONVERSION = YES_AGGRESSIVE;
				CLANG_CXX_LANGUAGE_STANDARD = "gnu++14";
				CLANG_CXX_LIBRARY = "libc++";
				CLANG_ENABLE_MODULES = YES;
				CLANG_ENABLE_OBJC_ARC = YES;
				CLANG_ENABLE_OBJC_WEAK = YES;
				CLANG_WARN_BLOCK_CAPTURE_AUTORELEASING = YES;
				CLANG_WARN_BOOL_CONVERSION = YES;
				CLANG_WARN_COMMA = YES;
				CLANG_WARN_CONSTANT_CONVERSION = YES;
				CLANG_WARN_DEPRECATED_OBJC_IMPLEMENTATIONS = YES;
				CLANG_WARN_DIRECT_OBJC_ISA_USAGE = YES_ERROR;
				CLANG_WARN_DOCUMENTATION_COMMENTS = YES;
				CLANG_WARN_EMPTY_BODY = YES;
				CLANG_WARN_ENUM_CONVERSION = YES;
				CLANG_WARN_INFINITE_RECURSION = YES;
				CLANG_WARN_INT_CONVERSION = YES;
				CLANG_WARN_NON_LITERAL_NULL_CONVERSION = YES;
				CLANG_WARN_OBJC_IMPLICIT_RETAIN_SELF = YES;
				CLANG_WARN_OBJC_LITERAL_CONVERSION = YES;
				CLANG_WARN_OBJC_ROOT_CLASS = YES_ERROR;
				CLANG_WARN_QUOTED_INCLUDE_IN_FRAMEWORK_HEADER = YES;
				CLANG_WARN_RANGE_LOOP_ANALYSIS = YES;
				CLANG_WARN_STRICT_PROTOTYPES = YES;
				CLANG_WARN_SUSPICIOUS_MOVE = YES;
				CLANG_WARN_UNGUARDED_AVAILABILITY = YES_AGGRESSIVE;
				CLANG_WARN_UNREACHABLE_CODE = YES;
				CLANG_WARN__DUPLICATE_METHOD_MATCH = YES;
				COPY_PHASE_STRIP = NO;
				DEBUG_INFORMATION_FORMAT = "dwarf-with-dsym";
				ENABLE_NS_ASSERTIONS = NO;
				ENABLE_STRICT_OBJC_MSGSEND = YES;
				GCC_C_LANGUAGE_STANDARD = gnu11;
				GCC_NO_COMMON_BLOCKS = YES;
				GCC_WARN_64_TO_32_BIT_CONVERSION = YES;
				GCC_WARN_ABOUT_RETURN_TYPE = YES_ERROR;
				GCC_WARN_UNDECLARED_SELECTOR = YES;
				GCC_WARN_UNINITIALIZED_AUTOS = YES_AGGRESSIVE;
				GCC_WARN_UNUSED_FUNCTION = YES;
				GCC_WARN_UNUSED_VARIABLE = YES;
				IPHONEOS_DEPLOYMENT_TARGET = 14.4;
				MTL_ENABLE_DEBUG_INFO = NO;
				MTL_FAST_MATH = YES;
				SDKROOT = iphoneos;
				SWIFT_COMPILATION_MODE = wholemodule;
				SWIFT_OPTIMIZATION_LEVEL = "-O";
				VALIDATE_PRODUCT = YES;
			};
			name = Release;
		};
		994D32C026667DB000484399 /* Debug */ = {
			isa = XCBuildConfiguration;
			buildSettings = {
				ASSETCATALOG_COMPILER_APPICON_NAME = AppIcon;
				ASSETCATALOG_COMPILER_GLOBAL_ACCENT_COLOR_NAME = AccentColor;
				CODE_SIGN_STYLE = Automatic;
				DEVELOPMENT_ASSET_PATHS = "\"Jokes in SwiftUI/Preview Content\"";
				ENABLE_PREVIEWS = YES;
				INFOPLIST_FILE = "Jokes in SwiftUI/Info.plist";
				IPHONEOS_DEPLOYMENT_TARGET = 14.0;
				LD_RUNPATH_SEARCH_PATHS = (
					"$(inherited)",
					"@executable_path/Frameworks",
				);
				PRODUCT_BUNDLE_IDENTIFIER = "sg.cpy.youfy.Jokes-in-SwiftUI";
				PRODUCT_NAME = "$(TARGET_NAME)";
				SWIFT_VERSION = 5.0;
				TARGETED_DEVICE_FAMILY = "1,2";
			};
			name = Debug;
		};
		994D32C126667DB000484399 /* Release */ = {
			isa = XCBuildConfiguration;
			buildSettings = {
				ASSETCATALOG_COMPILER_APPICON_NAME = AppIcon;
				ASSETCATALOG_COMPILER_GLOBAL_ACCENT_COLOR_NAME = AccentColor;
				CODE_SIGN_STYLE = Automatic;
				DEVELOPMENT_ASSET_PATHS = "\"Jokes in SwiftUI/Preview Content\"";
				ENABLE_PREVIEWS = YES;
				INFOPLIST_FILE = "Jokes in SwiftUI/Info.plist";
				IPHONEOS_DEPLOYMENT_TARGET = 14.0;
				LD_RUNPATH_SEARCH_PATHS = (
					"$(inherited)",
					"@executable_path/Frameworks",
				);
				PRODUCT_BUNDLE_IDENTIFIER = "sg.cpy.youfy.Jokes-in-SwiftUI";
				PRODUCT_NAME = "$(TARGET_NAME)";
				SWIFT_VERSION = 5.0;
				TARGETED_DEVICE_FAMILY = "1,2";
			};
			name = Release;
		};
		994D32C326667DB000484399 /* Debug */ = {
			isa = XCBuildConfiguration;
			buildSettings = {
				ALWAYS_EMBED_SWIFT_STANDARD_LIBRARIES = YES;
				BUNDLE_LOADER = "$(TEST_HOST)";
				CODE_SIGN_STYLE = Automatic;
				INFOPLIST_FILE = "Jokes in SwiftUITests/Info.plist";
				IPHONEOS_DEPLOYMENT_TARGET = 14.0;
				LD_RUNPATH_SEARCH_PATHS = (
					"$(inherited)",
					"@executable_path/Frameworks",
					"@loader_path/Frameworks",
				);
				PRODUCT_BUNDLE_IDENTIFIER = "sg.cpy.youfy.Jokes-in-SwiftUITests";
				PRODUCT_NAME = "$(TARGET_NAME)";
				SWIFT_VERSION = 5.0;
				TARGETED_DEVICE_FAMILY = "1,2";
				TEST_HOST = "$(BUILT_PRODUCTS_DIR)/Jokes in SwiftUI.app/Jokes in SwiftUI";
			};
			name = Debug;
		};
		994D32C426667DB000484399 /* Release */ = {
			isa = XCBuildConfiguration;
			buildSettings = {
				ALWAYS_EMBED_SWIFT_STANDARD_LIBRARIES = YES;
				BUNDLE_LOADER = "$(TEST_HOST)";
				CODE_SIGN_STYLE = Automatic;
				INFOPLIST_FILE = "Jokes in SwiftUITests/Info.plist";
				IPHONEOS_DEPLOYMENT_TARGET = 14.0;
				LD_RUNPATH_SEARCH_PATHS = (
					"$(inherited)",
					"@executable_path/Frameworks",
					"@loader_path/Frameworks",
				);
				PRODUCT_BUNDLE_IDENTIFIER = "sg.cpy.youfy.Jokes-in-SwiftUITests";
				PRODUCT_NAME = "$(TARGET_NAME)";
				SWIFT_VERSION = 5.0;
				TARGETED_DEVICE_FAMILY = "1,2";
				TEST_HOST = "$(BUILT_PRODUCTS_DIR)/Jokes in SwiftUI.app/Jokes in SwiftUI";
			};
			name = Release;
		};
		994D32C626667DB000484399 /* Debug */ = {
			isa = XCBuildConfiguration;
			buildSettings = {
				ALWAYS_EMBED_SWIFT_STANDARD_LIBRARIES = YES;
				CODE_SIGN_STYLE = Automatic;
				INFOPLIST_FILE = "Jokes in SwiftUIUITests/Info.plist";
				LD_RUNPATH_SEARCH_PATHS = (
					"$(inherited)",
					"@executable_path/Frameworks",
					"@loader_path/Frameworks",
				);
				PRODUCT_BUNDLE_IDENTIFIER = "sg.cpy.youfy.Jokes-in-SwiftUIUITests";
				PRODUCT_NAME = "$(TARGET_NAME)";
				SWIFT_VERSION = 5.0;
				TARGETED_DEVICE_FAMILY = "1,2";
				TEST_TARGET_NAME = "Jokes in SwiftUI";
			};
			name = Debug;
		};
		994D32C726667DB000484399 /* Release */ = {
			isa = XCBuildConfiguration;
			buildSettings = {
				ALWAYS_EMBED_SWIFT_STANDARD_LIBRARIES = YES;
				CODE_SIGN_STYLE = Automatic;
				INFOPLIST_FILE = "Jokes in SwiftUIUITests/Info.plist";
				LD_RUNPATH_SEARCH_PATHS = (
					"$(inherited)",
					"@executable_path/Frameworks",
					"@loader_path/Frameworks",
				);
				PRODUCT_BUNDLE_IDENTIFIER = "sg.cpy.youfy.Jokes-in-SwiftUIUITests";
				PRODUCT_NAME = "$(TARGET_NAME)";
				SWIFT_VERSION = 5.0;
				TARGETED_DEVICE_FAMILY = "1,2";
				TEST_TARGET_NAME = "Jokes in SwiftUI";
			};
			name = Release;
		};
/* End XCBuildConfiguration section */

/* Begin XCConfigurationList section */
		994D329526667DAE00484399 /* Build configuration list for PBXProject "Jokes in SwiftUI" */ = {
			isa = XCConfigurationList;
			buildConfigurations = (
				994D32BD26667DB000484399 /* Debug */,
				994D32BE26667DB000484399 /* Release */,
			);
			defaultConfigurationIsVisible = 0;
			defaultConfigurationName = Release;
		};
		994D32BF26667DB000484399 /* Build configuration list for PBXNativeTarget "Jokes in SwiftUI" */ = {
			isa = XCConfigurationList;
			buildConfigurations = (
				994D32C026667DB000484399 /* Debug */,
				994D32C126667DB000484399 /* Release */,
			);
			defaultConfigurationIsVisible = 0;
			defaultConfigurationName = Release;
		};
		994D32C226667DB000484399 /* Build configuration list for PBXNativeTarget "Jokes in SwiftUITests" */ = {
			isa = XCConfigurationList;
			buildConfigurations = (
				994D32C326667DB000484399 /* Debug */,
				994D32C426667DB000484399 /* Release */,
			);
			defaultConfigurationIsVisible = 0;
			defaultConfigurationName = Release;
		};
		994D32C526667DB000484399 /* Build configuration list for PBXNativeTarget "Jokes in SwiftUIUITests" */ = {
			isa = XCConfigurationList;
			buildConfigurations = (
				994D32C626667DB000484399 /* Debug */,
				994D32C726667DB000484399 /* Release */,
			);
			defaultConfigurationIsVisible = 0;
			defaultConfigurationName = Release;
		};
/* End XCConfigurationList section */
	};
	rootObject = 994D329226667DAE00484399 /* Project object */;
}
